// !$*UTF8*$!
{
	archiveVersion = 1;
	classes = {
	};
	objectVersion = 56;
	objects = {

/* Begin PBXBuildFile section */
		6D028EF229C20EF800AF6910 /* AppDelegate.swift in Sources */ = {isa = PBXBuildFile; fileRef = 6D028EF129C20EF800AF6910 /* AppDelegate.swift */; };
		6D028EF429C20EF800AF6910 /* SceneDelegate.swift in Sources */ = {isa = PBXBuildFile; fileRef = 6D028EF329C20EF800AF6910 /* SceneDelegate.swift */; };
		6D028EF629C20EF800AF6910 /* ViewController.swift in Sources */ = {isa = PBXBuildFile; fileRef = 6D028EF529C20EF800AF6910 /* ViewController.swift */; };
		6D028EF929C20EF800AF6910 /* Main.storyboard in Resources */ = {isa = PBXBuildFile; fileRef = 6D028EF729C20EF800AF6910 /* Main.storyboard */; };
		6D028EFB29C20EFA00AF6910 /* Assets.xcassets in Resources */ = {isa = PBXBuildFile; fileRef = 6D028EFA29C20EFA00AF6910 /* Assets.xcassets */; };
		6D028EFE29C20EFA00AF6910 /* LaunchScreen.storyboard in Resources */ = {isa = PBXBuildFile; fileRef = 6D028EFC29C20EFA00AF6910 /* LaunchScreen.storyboard */; };
		6D028F0929C20EFA00AF6910 /* GestureAndAnimationsTests.swift in Sources */ = {isa = PBXBuildFile; fileRef = 6D028F0829C20EFA00AF6910 /* GestureAndAnimationsTests.swift */; };
		6D028F1329C20EFA00AF6910 /* GestureAndAnimationsUITests.swift in Sources */ = {isa = PBXBuildFile; fileRef = 6D028F1229C20EFA00AF6910 /* GestureAndAnimationsUITests.swift */; };
		6D028F1529C20EFA00AF6910 /* GestureAndAnimationsUITestsLaunchTests.swift in Sources */ = {isa = PBXBuildFile; fileRef = 6D028F1429C20EFA00AF6910 /* GestureAndAnimationsUITestsLaunchTests.swift */; };
/* End PBXBuildFile section */

/* Begin PBXContainerItemProxy section */
		6D028F0529C20EFA00AF6910 /* PBXContainerItemProxy */ = {
			isa = PBXContainerItemProxy;
			containerPortal = 6D028EE629C20EF800AF6910 /* Project object */;
			proxyType = 1;
			remoteGlobalIDString = 6D028EED29C20EF800AF6910;
			remoteInfo = GestureAndAnimations;
		};
		6D028F0F29C20EFA00AF6910 /* PBXContainerItemProxy */ = {
			isa = PBXContainerItemProxy;
			containerPortal = 6D028EE629C20EF800AF6910 /* Project object */;
			proxyType = 1;
			remoteGlobalIDString = 6D028EED29C20EF800AF6910;
			remoteInfo = GestureAndAnimations;
		};
/* End PBXContainerItemProxy section */

/* Begin PBXFileReference section */
		6D028EEE29C20EF800AF6910 /* GestureAndAnimations.app */ = {isa = PBXFileReference; explicitFileType = wrapper.application; includeInIndex = 0; path = GestureAndAnimations.app; sourceTree = BUILT_PRODUCTS_DIR; };
		6D028EF129C20EF800AF6910 /* AppDelegate.swift */ = {isa = PBXFileReference; lastKnownFileType = sourcecode.swift; path = AppDelegate.swift; sourceTree = "<group>"; };
		6D028EF329C20EF800AF6910 /* SceneDelegate.swift */ = {isa = PBXFileReference; lastKnownFileType = sourcecode.swift; path = SceneDelegate.swift; sourceTree = "<group>"; };
		6D028EF529C20EF800AF6910 /* ViewController.swift */ = {isa = PBXFileReference; lastKnownFileType = sourcecode.swift; path = ViewController.swift; sourceTree = "<group>"; };
		6D028EF829C20EF800AF6910 /* Base */ = {isa = PBXFileReference; lastKnownFileType = file.storyboard; name = Base; path = Base.lproj/Main.storyboard; sourceTree = "<group>"; };
		6D028EFA29C20EFA00AF6910 /* Assets.xcassets */ = {isa = PBXFileReference; lastKnownFileType = folder.assetcatalog; path = Assets.xcassets; sourceTree = "<group>"; };
		6D028EFD29C20EFA00AF6910 /* Base */ = {isa = PBXFileReference; lastKnownFileType = file.storyboard; name = Base; path = Base.lproj/LaunchScreen.storyboard; sourceTree = "<group>"; };
		6D028EFF29C20EFA00AF6910 /* Info.plist */ = {isa = PBXFileReference; lastKnownFileType = text.plist.xml; path = Info.plist; sourceTree = "<group>"; };
		6D028F0429C20EFA00AF6910 /* GestureAndAnimationsTests.xctest */ = {isa = PBXFileReference; explicitFileType = wrapper.cfbundle; includeInIndex = 0; path = GestureAndAnimationsTests.xctest; sourceTree = BUILT_PRODUCTS_DIR; };
		6D028F0829C20EFA00AF6910 /* GestureAndAnimationsTests.swift */ = {isa = PBXFileReference; lastKnownFileType = sourcecode.swift; path = GestureAndAnimationsTests.swift; sourceTree = "<group>"; };
		6D028F0E29C20EFA00AF6910 /* GestureAndAnimationsUITests.xctest */ = {isa = PBXFileReference; explicitFileType = wrapper.cfbundle; includeInIndex = 0; path = GestureAndAnimationsUITests.xctest; sourceTree = BUILT_PRODUCTS_DIR; };
		6D028F1229C20EFA00AF6910 /* GestureAndAnimationsUITests.swift */ = {isa = PBXFileReference; lastKnownFileType = sourcecode.swift; path = GestureAndAnimationsUITests.swift; sourceTree = "<group>"; };
		6D028F1429C20EFA00AF6910 /* GestureAndAnimationsUITestsLaunchTests.swift */ = {isa = PBXFileReference; lastKnownFileType = sourcecode.swift; path = GestureAndAnimationsUITestsLaunchTests.swift; sourceTree = "<group>"; };
/* End PBXFileReference section */

/* Begin PBXFrameworksBuildPhase section */
		6D028EEB29C20EF800AF6910 /* Frameworks */ = {
			isa = PBXFrameworksBuildPhase;
			buildActionMask = 2147483647;
			files = (
			);
			runOnlyForDeploymentPostprocessing = 0;
		};
		6D028F0129C20EFA00AF6910 /* Frameworks */ = {
			isa = PBXFrameworksBuildPhase;
			buildActionMask = 2147483647;
			files = (
			);
			runOnlyForDeploymentPostprocessing = 0;
		};
		6D028F0B29C20EFA00AF6910 /* Frameworks */ = {
			isa = PBXFrameworksBuildPhase;
			buildActionMask = 2147483647;
			files = (
			);
			runOnlyForDeploymentPostprocessing = 0;
		};
/* End PBXFrameworksBuildPhase section */

/* Begin PBXGroup section */
		6D028EE529C20EF800AF6910 = {
			isa = PBXGroup;
			children = (
				6D028EF029C20EF800AF6910 /* GestureAndAnimations */,
				6D028F0729C20EFA00AF6910 /* GestureAndAnimationsTests */,
				6D028F1129C20EFA00AF6910 /* GestureAndAnimationsUITests */,
				6D028EEF29C20EF800AF6910 /* Products */,
			);
			sourceTree = "<group>";
		};
		6D028EEF29C20EF800AF6910 /* Products */ = {
			isa = PBXGroup;
			children = (
				6D028EEE29C20EF800AF6910 /* GestureAndAnimations.app */,
				6D028F0429C20EFA00AF6910 /* GestureAndAnimationsTests.xctest */,
				6D028F0E29C20EFA00AF6910 /* GestureAndAnimationsUITests.xctest */,
			);
			name = Products;
			sourceTree = "<group>";
		};
		6D028EF029C20EF800AF6910 /* GestureAndAnimations */ = {
			isa = PBXGroup;
			children = (
				6D028EF129C20EF800AF6910 /* AppDelegate.swift */,
				6D028EF329C20EF800AF6910 /* SceneDelegate.swift */,
				6D028EF529C20EF800AF6910 /* ViewController.swift */,
				6D028EF729C20EF800AF6910 /* Main.storyboard */,
				6D028EFA29C20EFA00AF6910 /* Assets.xcassets */,
				6D028EFC29C20EFA00AF6910 /* LaunchScreen.storyboard */,
				6D028EFF29C20EFA00AF6910 /* Info.plist */,
			);
			path = GestureAndAnimations;
			sourceTree = "<group>";
		};
		6D028F0729C20EFA00AF6910 /* GestureAndAnimationsTests */ = {
			isa = PBXGroup;
			children = (
				6D028F0829C20EFA00AF6910 /* GestureAndAnimationsTests.swift */,
			);
			path = GestureAndAnimationsTests;
			sourceTree = "<group>";
		};
		6D028F1129C20EFA00AF6910 /* GestureAndAnimationsUITests */ = {
			isa = PBXGroup;
			children = (
				6D028F1229C20EFA00AF6910 /* GestureAndAnimationsUITests.swift */,
				6D028F1429C20EFA00AF6910 /* GestureAndAnimationsUITestsLaunchTests.swift */,
			);
			path = GestureAndAnimationsUITests;
			sourceTree = "<group>";
		};
/* End PBXGroup section */

/* Begin PBXNativeTarget section */
		6D028EED29C20EF800AF6910 /* GestureAndAnimations */ = {
			isa = PBXNativeTarget;
			buildConfigurationList = 6D028F1829C20EFA00AF6910 /* Build configuration list for PBXNativeTarget "GestureAndAnimations" */;
			buildPhases = (
				6D028EEA29C20EF800AF6910 /* Sources */,
				6D028EEB29C20EF800AF6910 /* Frameworks */,
				6D028EEC29C20EF800AF6910 /* Resources */,
			);
			buildRules = (
			);
			dependencies = (
			);
			name = GestureAndAnimations;
			productName = GestureAndAnimations;
			productReference = 6D028EEE29C20EF800AF6910 /* GestureAndAnimations.app */;
			productType = "com.apple.product-type.application";
		};
		6D028F0329C20EFA00AF6910 /* GestureAndAnimationsTests */ = {
			isa = PBXNativeTarget;
			buildConfigurationList = 6D028F1B29C20EFA00AF6910 /* Build configuration list for PBXNativeTarget "GestureAndAnimationsTests" */;
			buildPhases = (
				6D028F0029C20EFA00AF6910 /* Sources */,
				6D028F0129C20EFA00AF6910 /* Frameworks */,
				6D028F0229C20EFA00AF6910 /* Resources */,
			);
			buildRules = (
			);
			dependencies = (
				6D028F0629C20EFA00AF6910 /* PBXTargetDependency */,
			);
			name = GestureAndAnimationsTests;
			productName = GestureAndAnimationsTests;
			productReference = 6D028F0429C20EFA00AF6910 /* GestureAndAnimationsTests.xctest */;
			productType = "com.apple.product-type.bundle.unit-test";
		};
		6D028F0D29C20EFA00AF6910 /* GestureAndAnimationsUITests */ = {
			isa = PBXNativeTarget;
			buildConfigurationList = 6D028F1E29C20EFA00AF6910 /* Build configuration list for PBXNativeTarget "GestureAndAnimationsUITests" */;
			buildPhases = (
				6D028F0A29C20EFA00AF6910 /* Sources */,
				6D028F0B29C20EFA00AF6910 /* Frameworks */,
				6D028F0C29C20EFA00AF6910 /* Resources */,
			);
			buildRules = (
			);
			dependencies = (
				6D028F1029C20EFA00AF6910 /* PBXTargetDependency */,
			);
			name = GestureAndAnimationsUITests;
			productName = GestureAndAnimationsUITests;
			productReference = 6D028F0E29C20EFA00AF6910 /* GestureAndAnimationsUITests.xctest */;
			productType = "com.apple.product-type.bundle.ui-testing";
		};
/* End PBXNativeTarget section */

/* Begin PBXProject section */
		6D028EE629C20EF800AF6910 /* Project object */ = {
			isa = PBXProject;
			attributes = {
				BuildIndependentTargetsInParallel = 1;
				LastSwiftUpdateCheck = 1420;
				LastUpgradeCheck = 1420;
				TargetAttributes = {
					6D028EED29C20EF800AF6910 = {
						CreatedOnToolsVersion = 14.2;
					};
					6D028F0329C20EFA00AF6910 = {
						CreatedOnToolsVersion = 14.2;
						TestTargetID = 6D028EED29C20EF800AF6910;
					};
					6D028F0D29C20EFA00AF6910 = {
						CreatedOnToolsVersion = 14.2;
						TestTargetID = 6D028EED29C20EF800AF6910;
					};
				};
			};
			buildConfigurationList = 6D028EE929C20EF800AF6910 /* Build configuration list for PBXProject "GestureAndAnimations" */;
			compatibilityVersion = "Xcode 14.0";
			developmentRegion = en;
			hasScannedForEncodings = 0;
			knownRegions = (
				en,
				Base,
			);
			mainGroup = 6D028EE529C20EF800AF6910;
			productRefGroup = 6D028EEF29C20EF800AF6910 /* Products */;
			projectDirPath = "";
			projectRoot = "";
			targets = (
				6D028EED29C20EF800AF6910 /* GestureAndAnimations */,
				6D028F0329C20EFA00AF6910 /* GestureAndAnimationsTests */,
				6D028F0D29C20EFA00AF6910 /* GestureAndAnimationsUITests */,
			);
		};
/* End PBXProject section */

/* Begin PBXResourcesBuildPhase section */
		6D028EEC29C20EF800AF6910 /* Resources */ = {
			isa = PBXResourcesBuildPhase;
			buildActionMask = 2147483647;
			files = (
				6D028EFE29C20EFA00AF6910 /* LaunchScreen.storyboard in Resources */,
				6D028EFB29C20EFA00AF6910 /* Assets.xcassets in Resources */,
				6D028EF929C20EF800AF6910 /* Main.storyboard in Resources */,
			);
			runOnlyForDeploymentPostprocessing = 0;
		};
		6D028F0229C20EFA00AF6910 /* Resources */ = {
			isa = PBXResourcesBuildPhase;
			buildActionMask = 2147483647;
			files = (
			);
			runOnlyForDeploymentPostprocessing = 0;
		};
		6D028F0C29C20EFA00AF6910 /* Resources */ = {
			isa = PBXResourcesBuildPhase;
			buildActionMask = 2147483647;
			files = (
			);
			runOnlyForDeploymentPostprocessing = 0;
		};
/* End PBXResourcesBuildPhase section */

/* Begin PBXSourcesBuildPhase section */
		6D028EEA29C20EF800AF6910 /* Sources */ = {
			isa = PBXSourcesBuildPhase;
			buildActionMask = 2147483647;
			files = (
				6D028EF629C20EF800AF6910 /* ViewController.swift in Sources */,
				6D028EF229C20EF800AF6910 /* AppDelegate.swift in Sources */,
				6D028EF429C20EF800AF6910 /* SceneDelegate.swift in Sources */,
			);
			runOnlyForDeploymentPostprocessing = 0;
		};
		6D028F0029C20EFA00AF6910 /* Sources */ = {
			isa = PBXSourcesBuildPhase;
			buildActionMask = 2147483647;
			files = (
				6D028F0929C20EFA00AF6910 /* GestureAndAnimationsTests.swift in Sources */,
			);
			runOnlyForDeploymentPostprocessing = 0;
		};
		6D028F0A29C20EFA00AF6910 /* Sources */ = {
			isa = PBXSourcesBuildPhase;
			buildActionMask = 2147483647;
			files = (
				6D028F1329C20EFA00AF6910 /* GestureAndAnimationsUITests.swift in Sources */,
				6D028F1529C20EFA00AF6910 /* GestureAndAnimationsUITestsLaunchTests.swift in Sources */,
			);
			runOnlyForDeploymentPostprocessing = 0;
		};
/* End PBXSourcesBuildPhase section */

/* Begin PBXTargetDependency section */
		6D028F0629C20EFA00AF6910 /* PBXTargetDependency */ = {
			isa = PBXTargetDependency;
			target = 6D028EED29C20EF800AF6910 /* GestureAndAnimations */;
			targetProxy = 6D028F0529C20EFA00AF6910 /* PBXContainerItemProxy */;
		};
		6D028F1029C20EFA00AF6910 /* PBXTargetDependency */ = {
			isa = PBXTargetDependency;
			target = 6D028EED29C20EF800AF6910 /* GestureAndAnimations */;
			targetProxy = 6D028F0F29C20EFA00AF6910 /* PBXContainerItemProxy */;
		};
/* End PBXTargetDependency section */

/* Begin PBXVariantGroup section */
		6D028EF729C20EF800AF6910 /* Main.storyboard */ = {
			isa = PBXVariantGroup;
			children = (
				6D028EF829C20EF800AF6910 /* Base */,
			);
			name = Main.storyboard;
			sourceTree = "<group>";
		};
		6D028EFC29C20EFA00AF6910 /* LaunchScreen.storyboard */ = {
			isa = PBXVariantGroup;
			children = (
				6D028EFD29C20EFA00AF6910 /* Base */,
			);
			name = LaunchScreen.storyboard;
			sourceTree = "<group>";
		};
/* End PBXVariantGroup section */

/* Begin XCBuildConfiguration section */
		6D028F1629C20EFA00AF6910 /* Debug */ = {
			isa = XCBuildConfiguration;
			buildSettings = {
				ALWAYS_SEARCH_USER_PATHS = NO;
				CLANG_ANALYZER_NONNULL = YES;
				CLANG_ANALYZER_NUMBER_OBJECT_CONVERSION = YES_AGGRESSIVE;
				CLANG_CXX_LANGUAGE_STANDARD = "gnu++20";
				CLANG_ENABLE_MODULES = YES;
				CLANG_ENABLE_OBJC_ARC = YES;
				CLANG_ENABLE_OBJC_WEAK = YES;
				CLANG_WARN_BLOCK_CAPTURE_AUTORELEASING = YES;
				CLANG_WARN_BOOL_CONVERSION = YES;
				CLANG_WARN_COMMA = YES;
				CLANG_WARN_CONSTANT_CONVERSION = YES;
				CLANG_WARN_DEPRECATED_OBJC_IMPLEMENTATIONS = YES;
				CLANG_WARN_DIRECT_OBJC_ISA_USAGE = YES_ERROR;
				CLANG_WARN_DOCUMENTATION_COMMENTS = YES;
				CLANG_WARN_EMPTY_BODY = YES;
				CLANG_WARN_ENUM_CONVERSION = YES;
				CLANG_WARN_INFINITE_RECURSION = YES;
				CLANG_WARN_INT_CONVERSION = YES;
				CLANG_WARN_NON_LITERAL_NULL_CONVERSION = YES;
				CLANG_WARN_OBJC_IMPLICIT_RETAIN_SELF = YES;
				CLANG_WARN_OBJC_LITERAL_CONVERSION = YES;
				CLANG_WARN_OBJC_ROOT_CLASS = YES_ERROR;
				CLANG_WARN_QUOTED_INCLUDE_IN_FRAMEWORK_HEADER = YES;
				CLANG_WARN_RANGE_LOOP_ANALYSIS = YES;
				CLANG_WARN_STRICT_PROTOTYPES = YES;
				CLANG_WARN_SUSPICIOUS_MOVE = YES;
				CLANG_WARN_UNGUARDED_AVAILABILITY = YES_AGGRESSIVE;
				CLANG_WARN_UNREACHABLE_CODE = YES;
				CLANG_WARN__DUPLICATE_METHOD_MATCH = YES;
				COPY_PHASE_STRIP = NO;
				DEBUG_INFORMATION_FORMAT = dwarf;
				ENABLE_STRICT_OBJC_MSGSEND = YES;
				ENABLE_TESTABILITY = YES;
				GCC_C_LANGUAGE_STANDARD = gnu11;
				GCC_DYNAMIC_NO_PIC = NO;
				GCC_NO_COMMON_BLOCKS = YES;
				GCC_OPTIMIZATION_LEVEL = 0;
				GCC_PREPROCESSOR_DEFINITIONS = (
					"DEBUG=1",
					"$(inherited)",
				);
				GCC_WARN_64_TO_32_BIT_CONVERSION = YES;
				GCC_WARN_ABOUT_RETURN_TYPE = YES_ERROR;
				GCC_WARN_UNDECLARED_SELECTOR = YES;
				GCC_WARN_UNINITIALIZED_AUTOS = YES_AGGRESSIVE;
				GCC_WARN_UNUSED_FUNCTION = YES;
				GCC_WARN_UNUSED_VARIABLE = YES;
				IPHONEOS_DEPLOYMENT_TARGET = 16.2;
				MTL_ENABLE_DEBUG_INFO = INCLUDE_SOURCE;
				MTL_FAST_MATH = YES;
				ONLY_ACTIVE_ARCH = YES;
				SDKROOT = iphoneos;
				SWIFT_ACTIVE_COMPILATION_CONDITIONS = DEBUG;
				SWIFT_OPTIMIZATION_LEVEL = "-Onone";
			};
			name = Debug;
		};
		6D028F1729C20EFA00AF6910 /* Release */ = {
			isa = XCBuildConfiguration;
			buildSettings = {
				ALWAYS_SEARCH_USER_PATHS = NO;
				CLANG_ANALYZER_NONNULL = YES;
				CLANG_ANALYZER_NUMBER_OBJECT_CONVERSION = YES_AGGRESSIVE;
				CLANG_CXX_LANGUAGE_STANDARD = "gnu++20";
				CLANG_ENABLE_MODULES = YES;
				CLANG_ENABLE_OBJC_ARC = YES;
				CLANG_ENABLE_OBJC_WEAK = YES;
				CLANG_WARN_BLOCK_CAPTURE_AUTORELEASING = YES;
				CLANG_WARN_BOOL_CONVERSION = YES;
				CLANG_WARN_COMMA = YES;
				CLANG_WARN_CONSTANT_CONVERSION = YES;
				CLANG_WARN_DEPRECATED_OBJC_IMPLEMENTATIONS = YES;
				CLANG_WARN_DIRECT_OBJC_ISA_USAGE = YES_ERROR;
				CLANG_WARN_DOCUMENTATION_COMMENTS = YES;
				CLANG_WARN_EMPTY_BODY = YES;
				CLANG_WARN_ENUM_CONVERSION = YES;
				CLANG_WARN_INFINITE_RECURSION = YES;
				CLANG_WARN_INT_CONVERSION = YES;
				CLANG_WARN_NON_LITERAL_NULL_CONVERSION = YES;
				CLANG_WARN_OBJC_IMPLICIT_RETAIN_SELF = YES;
				CLANG_WARN_OBJC_LITERAL_CONVERSION = YES;
				CLANG_WARN_OBJC_ROOT_CLASS = YES_ERROR;
				CLANG_WARN_QUOTED_INCLUDE_IN_FRAMEWORK_HEADER = YES;
				CLANG_WARN_RANGE_LOOP_ANALYSIS = YES;
				CLANG_WARN_STRICT_PROTOTYPES = YES;
				CLANG_WARN_SUSPICIOUS_MOVE = YES;
				CLANG_WARN_UNGUARDED_AVAILABILITY = YES_AGGRESSIVE;
				CLANG_WARN_UNREACHABLE_CODE = YES;
				CLANG_WARN__DUPLICATE_METHOD_MATCH = YES;
				COPY_PHASE_STRIP = NO;
				DEBUG_INFORMATION_FORMAT = "dwarf-with-dsym";
				ENABLE_NS_ASSERTIONS = NO;
				ENABLE_STRICT_OBJC_MSGSEND = YES;
				GCC_C_LANGUAGE_STANDARD = gnu11;
				GCC_NO_COMMON_BLOCKS = YES;
				GCC_WARN_64_TO_32_BIT_CONVERSION = YES;
				GCC_WARN_ABOUT_RETURN_TYPE = YES_ERROR;
				GCC_WARN_UNDECLARED_SELECTOR = YES;
				GCC_WARN_UNINITIALIZED_AUTOS = YES_AGGRESSIVE;
				GCC_WARN_UNUSED_FUNCTION = YES;
				GCC_WARN_UNUSED_VARIABLE = YES;
				IPHONEOS_DEPLOYMENT_TARGET = 16.2;
				MTL_ENABLE_DEBUG_INFO = NO;
				MTL_FAST_MATH = YES;
				SDKROOT = iphoneos;
				SWIFT_COMPILATION_MODE = wholemodule;
				SWIFT_OPTIMIZATION_LEVEL = "-O";
				VALIDATE_PRODUCT = YES;
			};
			name = Release;
		};
		6D028F1929C20EFA00AF6910 /* Debug */ = {
			isa = XCBuildConfiguration;
			buildSettings = {
				ASSETCATALOG_COMPILER_APPICON_NAME = AppIcon;
				ASSETCATALOG_COMPILER_GLOBAL_ACCENT_COLOR_NAME = AccentColor;
				CODE_SIGN_STYLE = Automatic;
				CURRENT_PROJECT_VERSION = 1;
				DEVELOPMENT_TEAM = LUJ98HR39R;
				GENERATE_INFOPLIST_FILE = YES;
				INFOPLIST_FILE = GestureAndAnimations/Info.plist;
				INFOPLIST_KEY_UIApplicationSupportsIndirectInputEvents = YES;
				INFOPLIST_KEY_UILaunchStoryboardName = LaunchScreen;
				INFOPLIST_KEY_UIMainStoryboardFile = Main;
				INFOPLIST_KEY_UISupportedInterfaceOrientations_iPad = "UIInterfaceOrientationPortrait UIInterfaceOrientationPortraitUpsideDown UIInterfaceOrientationLandscapeLeft UIInterfaceOrientationLandscapeRight";
				INFOPLIST_KEY_UISupportedInterfaceOrientations_iPhone = "UIInterfaceOrientationPortrait UIInterfaceOrientationLandscapeLeft UIInterfaceOrientationLandscapeRight";
				LD_RUNPATH_SEARCH_PATHS = (
					"$(inherited)",
					"@executable_path/Frameworks",
				);
				MARKETING_VERSION = 1.0;
				PRODUCT_BUNDLE_IDENTIFIER = com.example.GestureAndAnimations;
				PRODUCT_NAME = "$(TARGET_NAME)";
				SWIFT_EMIT_LOC_STRINGS = YES;
				SWIFT_VERSION = 5.0;
				TARGETED_DEVICE_FAMILY = "1,2";
			};
			name = Debug;
		};
		6D028F1A29C20EFA00AF6910 /* Release */ = {
			isa = XCBuildConfiguration;
			buildSettings = {
				ASSETCATALOG_COMPILER_APPICON_NAME = AppIcon;
				ASSETCATALOG_COMPILER_GLOBAL_ACCENT_COLOR_NAME = AccentColor;
				CODE_SIGN_STYLE = Automatic;
				CURRENT_PROJECT_VERSION = 1;
				DEVELOPMENT_TEAM = LUJ98HR39R;
				GENERATE_INFOPLIST_FILE = YES;
				INFOPLIST_FILE = GestureAndAnimations/Info.plist;
				INFOPLIST_KEY_UIApplicationSupportsIndirectInputEvents = YES;
				INFOPLIST_KEY_UILaunchStoryboardName = LaunchScreen;
				INFOPLIST_KEY_UIMainStoryboardFile = Main;
				INFOPLIST_KEY_UISupportedInterfaceOrientations_iPad = "UIInterfaceOrientationPortrait UIInterfaceOrientationPortraitUpsideDown UIInterfaceOrientationLandscapeLeft UIInterfaceOrientationLandscapeRight";
				INFOPLIST_KEY_UISupportedInterfaceOrientations_iPhone = "UIInterfaceOrientationPortrait UIInterfaceOrientationLandscapeLeft UIInterfaceOrientationLandscapeRight";
				LD_RUNPATH_SEARCH_PATHS = (
					"$(inherited)",
					"@executable_path/Frameworks",
				);
				MARKETING_VERSION = 1.0;
				PRODUCT_BUNDLE_IDENTIFIER = com.example.GestureAndAnimations;
				PRODUCT_NAME = "$(TARGET_NAME)";
				SWIFT_EMIT_LOC_STRINGS = YES;
				SWIFT_VERSION = 5.0;
				TARGETED_DEVICE_FAMILY = "1,2";
			};
			name = Release;
		};
		6D028F1C29C20EFA00AF6910 /* Debug */ = {
			isa = XCBuildConfiguration;
			buildSettings = {
				ALWAYS_EMBED_SWIFT_STANDARD_LIBRARIES = YES;
				BUNDLE_LOADER = "$(TEST_HOST)";
				CODE_SIGN_STYLE = Automatic;
				CURRENT_PROJECT_VERSION = 1;
				DEVELOPMENT_TEAM = LUJ98HR39R;
				GENERATE_INFOPLIST_FILE = YES;
				IPHONEOS_DEPLOYMENT_TARGET = 16.2;
				MARKETING_VERSION = 1.0;
				PRODUCT_BUNDLE_IDENTIFIER = com.example.GestureAndAnimationsTests;
				PRODUCT_NAME = "$(TARGET_NAME)";
				SWIFT_EMIT_LOC_STRINGS = NO;
				SWIFT_VERSION = 5.0;
				TARGETED_DEVICE_FAMILY = "1,2";
				TEST_HOST = "$(BUILT_PRODUCTS_DIR)/GestureAndAnimations.app/$(BUNDLE_EXECUTABLE_FOLDER_PATH)/GestureAndAnimations";
			};
			name = Debug;
		};
		6D028F1D29C20EFA00AF6910 /* Release */ = {
			isa = XCBuildConfiguration;
			buildSettings = {
				ALWAYS_EMBED_SWIFT_STANDARD_LIBRARIES = YES;
				BUNDLE_LOADER = "$(TEST_HOST)";
				CODE_SIGN_STYLE = Automatic;
				CURRENT_PROJECT_VERSION = 1;
				DEVELOPMENT_TEAM = LUJ98HR39R;
				GENERATE_INFOPLIST_FILE = YES;
				IPHONEOS_DEPLOYMENT_TARGET = 16.2;
				MARKETING_VERSION = 1.0;
				PRODUCT_BUNDLE_IDENTIFIER = com.example.GestureAndAnimationsTests;
				PRODUCT_NAME = "$(TARGET_NAME)";
				SWIFT_EMIT_LOC_STRINGS = NO;
				SWIFT_VERSION = 5.0;
				TARGETED_DEVICE_FAMILY = "1,2";
				TEST_HOST = "$(BUILT_PRODUCTS_DIR)/GestureAndAnimations.app/$(BUNDLE_EXECUTABLE_FOLDER_PATH)/GestureAndAnimations";
			};
			name = Release;
		};
		6D028F1F29C20EFA00AF6910 /* Debug */ = {
			isa = XCBuildConfiguration;
			buildSettings = {
				ALWAYS_EMBED_SWIFT_STANDARD_LIBRARIES = YES;
				CODE_SIGN_STYLE = Automatic;
				CURRENT_PROJECT_VERSION = 1;
				DEVELOPMENT_TEAM = LUJ98HR39R;
				GENERATE_INFOPLIST_FILE = YES;
				MARKETING_VERSION = 1.0;
				PRODUCT_BUNDLE_IDENTIFIER = com.example.GestureAndAnimationsUITests;
				PRODUCT_NAME = "$(TARGET_NAME)";
				SWIFT_EMIT_LOC_STRINGS = NO;
				SWIFT_VERSION = 5.0;
				TARGETED_DEVICE_FAMILY = "1,2";
				TEST_TARGET_NAME = GestureAndAnimations;
			};
			name = Debug;
		};
		6D028F2029C20EFA00AF6910 /* Release */ = {
			isa = XCBuildConfiguration;
			buildSettings = {
				ALWAYS_EMBED_SWIFT_STANDARD_LIBRARIES = YES;
				CODE_SIGN_STYLE = Automatic;
				CURRENT_PROJECT_VERSION = 1;
				DEVELOPMENT_TEAM = LUJ98HR39R;
				GENERATE_INFOPLIST_FILE = YES;
				MARKETING_VERSION = 1.0;
				PRODUCT_BUNDLE_IDENTIFIER = com.example.GestureAndAnimationsUITests;
				PRODUCT_NAME = "$(TARGET_NAME)";
				SWIFT_EMIT_LOC_STRINGS = NO;
				SWIFT_VERSION = 5.0;
				TARGETED_DEVICE_FAMILY = "1,2";
				TEST_TARGET_NAME = GestureAndAnimations;
			};
			name = Release;
		};
/* End XCBuildConfiguration section */

/* Begin XCConfigurationList section */
		6D028EE929C20EF800AF6910 /* Build configuration list for PBXProject "GestureAndAnimations" */ = {
			isa = XCConfigurationList;
			buildConfigurations = (
				6D028F1629C20EFA00AF6910 /* Debug */,
				6D028F1729C20EFA00AF6910 /* Release */,
			);
			defaultConfigurationIsVisible = 0;
			defaultConfigurationName = Release;
		};
		6D028F1829C20EFA00AF6910 /* Build configuration list for PBXNativeTarget "GestureAndAnimations" */ = {
			isa = XCConfigurationList;
			buildConfigurations = (
				6D028F1929C20EFA00AF6910 /* Debug */,
				6D028F1A29C20EFA00AF6910 /* Release */,
			);
			defaultConfigurationIsVisible = 0;
			defaultConfigurationName = Release;
		};
		6D028F1B29C20EFA00AF6910 /* Build configuration list for PBXNativeTarget "GestureAndAnimationsTests" */ = {
			isa = XCConfigurationList;
			buildConfigurations = (
				6D028F1C29C20EFA00AF6910 /* Debug */,
				6D028F1D29C20EFA00AF6910 /* Release */,
			);
			defaultConfigurationIsVisible = 0;
			defaultConfigurationName = Release;
		};
		6D028F1E29C20EFA00AF6910 /* Build configuration list for PBXNativeTarget "GestureAndAnimationsUITests" */ = {
			isa = XCConfigurationList;
			buildConfigurations = (
				6D028F1F29C20EFA00AF6910 /* Debug */,
				6D028F2029C20EFA00AF6910 /* Release */,
			);
			defaultConfigurationIsVisible = 0;
			defaultConfigurationName = Release;
		};
/* End XCConfigurationList section */
	};
	rootObject = 6D028EE629C20EF800AF6910 /* Project object */;
}
